
Microsoft Visual Studio Solution File, Format Version 12.00
# Visual Studio Version 17
VisualStudioVersion = 17.9.34723.18
MinimumVisualStudioVersion = 10.0.40219.1
Project("{FAE04EC0-301F-11D3-BF4B-00C04F79EFBC}") = "Project1", "Project1.csproj", "{C1A524A1-8525-4985-A8DD-8DA2D4637708}"
EndProject
Global
	GlobalSection(SolutionConfigurationPlatforms) = preSolution
		Debug|Any CPU = Debug|Any CPU
		Release|Any CPU = Release|Any CPU
	EndGlobalSection
	GlobalSection(ProjectConfigurationPlatforms) = postSolution
		{C1A524A1-8525-4985-A8DD-8DA2D4637708}.Debug|Any CPU.ActiveCfg = Debug|Any CPU
		{C1A524A1-8525-4985-A8DD-8DA2D4637708}.Debug|Any CPU.Build.0 = Debug|Any CPU
		{C1A524A1-8525-4985-A8DD-8DA2D4637708}.Release|Any CPU.ActiveCfg = Release|Any CPU
		{C1A524A1-8525-4985-A8DD-8DA2D4637708}.Release|Any CPU.Build.0 = Release|Any CPU
	EndGlobalSection
	GlobalSection(SolutionProperties) = preSolution
		HideSolutionNode = FALSE
	EndGlobalSection
	GlobalSection(ExtensibilityGlobals) = postSolution
		SolutionGuid = {F4E8997E-A385-441C-8685-AAFBAD4FC339}
	EndGlobalSection
EndGlobal
